// !$*UTF8*$!
{
	archiveVersion = 1;
	classes = {
	};
	objectVersion = 55;
	objects = {

/* Begin PBXBuildFile section */
		7887F8942784D7A700840D16 /* Tests_iOS.swift in Sources */ = {isa = PBXBuildFile; fileRef = 7887F8932784D7A700840D16 /* Tests_iOS.swift */; };
		7887F8962784D7A700840D16 /* Tests_iOSLaunchTests.swift in Sources */ = {isa = PBXBuildFile; fileRef = 7887F8952784D7A700840D16 /* Tests_iOSLaunchTests.swift */; };
		7887F8A02784D7A700840D16 /* Tests_macOS.swift in Sources */ = {isa = PBXBuildFile; fileRef = 7887F89F2784D7A700840D16 /* Tests_macOS.swift */; };
		7887F8A22784D7A700840D16 /* Tests_macOSLaunchTests.swift in Sources */ = {isa = PBXBuildFile; fileRef = 7887F8A12784D7A700840D16 /* Tests_macOSLaunchTests.swift */; };
		7887F8A32784D7A700840D16 /* CoreDataWithCloudKit.xcdatamodeld in Sources */ = {isa = PBXBuildFile; fileRef = 7887F8782784D7A600840D16 /* CoreDataWithCloudKit.xcdatamodeld */; };
		7887F8A42784D7A700840D16 /* CoreDataWithCloudKit.xcdatamodeld in Sources */ = {isa = PBXBuildFile; fileRef = 7887F8782784D7A600840D16 /* CoreDataWithCloudKit.xcdatamodeld */; };
		7887F8A52784D7A700840D16 /* CoreDataWithCloudKitApp.swift in Sources */ = {isa = PBXBuildFile; fileRef = 7887F87A2784D7A600840D16 /* CoreDataWithCloudKitApp.swift */; };
		7887F8A62784D7A700840D16 /* CoreDataWithCloudKitApp.swift in Sources */ = {isa = PBXBuildFile; fileRef = 7887F87A2784D7A600840D16 /* CoreDataWithCloudKitApp.swift */; };
		7887F8A72784D7A700840D16 /* ContentView.swift in Sources */ = {isa = PBXBuildFile; fileRef = 7887F87B2784D7A600840D16 /* ContentView.swift */; };
		7887F8A82784D7A700840D16 /* ContentView.swift in Sources */ = {isa = PBXBuildFile; fileRef = 7887F87B2784D7A600840D16 /* ContentView.swift */; };
		7887F8A92784D7A700840D16 /* Persistence.swift in Sources */ = {isa = PBXBuildFile; fileRef = 7887F87C2784D7A600840D16 /* Persistence.swift */; };
		7887F8AA2784D7A700840D16 /* Persistence.swift in Sources */ = {isa = PBXBuildFile; fileRef = 7887F87C2784D7A600840D16 /* Persistence.swift */; };
		7887F8AB2784D7A700840D16 /* Assets.xcassets in Resources */ = {isa = PBXBuildFile; fileRef = 7887F87D2784D7A700840D16 /* Assets.xcassets */; };
		7887F8AC2784D7A700840D16 /* Assets.xcassets in Resources */ = {isa = PBXBuildFile; fileRef = 7887F87D2784D7A700840D16 /* Assets.xcassets */; };
		7887F8BC2784DC9C00840D16 /* Persistence+SwiftUI.swift in Sources */ = {isa = PBXBuildFile; fileRef = 7887F8BB2784DC9C00840D16 /* Persistence+SwiftUI.swift */; };
		7887F8BD2784DC9C00840D16 /* Persistence+SwiftUI.swift in Sources */ = {isa = PBXBuildFile; fileRef = 7887F8BB2784DC9C00840D16 /* Persistence+SwiftUI.swift */; };
		7887F8BF2784DCEC00840D16 /* Persistence+Preview.swift in Sources */ = {isa = PBXBuildFile; fileRef = 7887F8BE2784DCEC00840D16 /* Persistence+Preview.swift */; };
		7887F8C02784DCEC00840D16 /* Persistence+Preview.swift in Sources */ = {isa = PBXBuildFile; fileRef = 7887F8BE2784DCEC00840D16 /* Persistence+Preview.swift */; };
		7887F8C52784EF1100840D16 /* ContentViewModel.swift in Sources */ = {isa = PBXBuildFile; fileRef = 7887F8C42784EF1100840D16 /* ContentViewModel.swift */; };
		7887F8C62784EF1100840D16 /* ContentViewModel.swift in Sources */ = {isa = PBXBuildFile; fileRef = 7887F8C42784EF1100840D16 /* ContentViewModel.swift */; };
		7887F8CB2784F67D00840D16 /* DateFormatter+Extension.swift in Sources */ = {isa = PBXBuildFile; fileRef = 7887F8CA2784F67D00840D16 /* DateFormatter+Extension.swift */; };
		7887F8CC2784F67D00840D16 /* DateFormatter+Extension.swift in Sources */ = {isa = PBXBuildFile; fileRef = 7887F8CA2784F67D00840D16 /* DateFormatter+Extension.swift */; };
		7887F8CE278501CD00840D16 /* DetailView.swift in Sources */ = {isa = PBXBuildFile; fileRef = 7887F8CD278501CD00840D16 /* DetailView.swift */; };
		7887F8CF278501CD00840D16 /* DetailView.swift in Sources */ = {isa = PBXBuildFile; fileRef = 7887F8CD278501CD00840D16 /* DetailView.swift */; };
		7887F8D1278503F600840D16 /* ContentCell.swift in Sources */ = {isa = PBXBuildFile; fileRef = 7887F8D0278503F600840D16 /* ContentCell.swift */; };
		7887F8D2278503F600840D16 /* ContentCell.swift in Sources */ = {isa = PBXBuildFile; fileRef = 7887F8D0278503F600840D16 /* ContentCell.swift */; };
		7887F8D427850F2700840D16 /* DeleteItemButton.swift in Sources */ = {isa = PBXBuildFile; fileRef = 7887F8D327850F2700840D16 /* DeleteItemButton.swift */; };
		7887F8D527850F2700840D16 /* DeleteItemButton.swift in Sources */ = {isa = PBXBuildFile; fileRef = 7887F8D327850F2700840D16 /* DeleteItemButton.swift */; };
		7887F8D7278510C900840D16 /* AddItemButton.swift in Sources */ = {isa = PBXBuildFile; fileRef = 7887F8D6278510C900840D16 /* AddItemButton.swift */; };
		7887F8D8278510C900840D16 /* AddItemButton.swift in Sources */ = {isa = PBXBuildFile; fileRef = 7887F8D6278510C900840D16 /* AddItemButton.swift */; };
		7887F8DA278514E200840D16 /* FavouriteButton.swift in Sources */ = {isa = PBXBuildFile; fileRef = 7887F8D9278514E200840D16 /* FavouriteButton.swift */; };
		7887F8DB278514E200840D16 /* FavouriteButton.swift in Sources */ = {isa = PBXBuildFile; fileRef = 7887F8D9278514E200840D16 /* FavouriteButton.swift */; };
/* End PBXBuildFile section */

/* Begin PBXContainerItemProxy section */
		7887F8902784D7A700840D16 /* PBXContainerItemProxy */ = {
			isa = PBXContainerItemProxy;
			containerPortal = 7887F8732784D7A600840D16 /* Project object */;
			proxyType = 1;
			remoteGlobalIDString = 7887F8812784D7A700840D16;
			remoteInfo = "CoreDataWithCloudKit (iOS)";
		};
		7887F89C2784D7A700840D16 /* PBXContainerItemProxy */ = {
			isa = PBXContainerItemProxy;
			containerPortal = 7887F8732784D7A600840D16 /* Project object */;
			proxyType = 1;
			remoteGlobalIDString = 7887F8872784D7A700840D16;
			remoteInfo = "CoreDataWithCloudKit (macOS)";
		};
/* End PBXContainerItemProxy section */

/* Begin PBXFileReference section */
		7887F8792784D7A600840D16 /* Shared.xcdatamodel */ = {isa = PBXFileReference; lastKnownFileType = wrapper.xcdatamodel; path = Shared.xcdatamodel; sourceTree = "<group>"; };
		7887F87A2784D7A600840D16 /* CoreDataWithCloudKitApp.swift */ = {isa = PBXFileReference; lastKnownFileType = sourcecode.swift; path = CoreDataWithCloudKitApp.swift; sourceTree = "<group>"; };
		7887F87B2784D7A600840D16 /* ContentView.swift */ = {isa = PBXFileReference; lastKnownFileType = sourcecode.swift; path = ContentView.swift; sourceTree = "<group>"; };
		7887F87C2784D7A600840D16 /* Persistence.swift */ = {isa = PBXFileReference; lastKnownFileType = sourcecode.swift; path = Persistence.swift; sourceTree = "<group>"; };
		7887F87D2784D7A700840D16 /* Assets.xcassets */ = {isa = PBXFileReference; lastKnownFileType = folder.assetcatalog; path = Assets.xcassets; sourceTree = "<group>"; };
		7887F8822784D7A700840D16 /* CoreDataWithCloudKit.app */ = {isa = PBXFileReference; explicitFileType = wrapper.application; includeInIndex = 0; path = CoreDataWithCloudKit.app; sourceTree = BUILT_PRODUCTS_DIR; };
		7887F8882784D7A700840D16 /* CoreDataWithCloudKit.app */ = {isa = PBXFileReference; explicitFileType = wrapper.application; includeInIndex = 0; path = CoreDataWithCloudKit.app; sourceTree = BUILT_PRODUCTS_DIR; };
		7887F88A2784D7A700840D16 /* macOS.entitlements */ = {isa = PBXFileReference; lastKnownFileType = text.plist.entitlements; path = macOS.entitlements; sourceTree = "<group>"; };
		7887F88F2784D7A700840D16 /* Tests iOS.xctest */ = {isa = PBXFileReference; explicitFileType = wrapper.cfbundle; includeInIndex = 0; path = "Tests iOS.xctest"; sourceTree = BUILT_PRODUCTS_DIR; };
		7887F8932784D7A700840D16 /* Tests_iOS.swift */ = {isa = PBXFileReference; lastKnownFileType = sourcecode.swift; path = Tests_iOS.swift; sourceTree = "<group>"; };
		7887F8952784D7A700840D16 /* Tests_iOSLaunchTests.swift */ = {isa = PBXFileReference; lastKnownFileType = sourcecode.swift; path = Tests_iOSLaunchTests.swift; sourceTree = "<group>"; };
		7887F89B2784D7A700840D16 /* Tests macOS.xctest */ = {isa = PBXFileReference; explicitFileType = wrapper.cfbundle; includeInIndex = 0; path = "Tests macOS.xctest"; sourceTree = BUILT_PRODUCTS_DIR; };
		7887F89F2784D7A700840D16 /* Tests_macOS.swift */ = {isa = PBXFileReference; lastKnownFileType = sourcecode.swift; path = Tests_macOS.swift; sourceTree = "<group>"; };
		7887F8A12784D7A700840D16 /* Tests_macOSLaunchTests.swift */ = {isa = PBXFileReference; lastKnownFileType = sourcecode.swift; path = Tests_macOSLaunchTests.swift; sourceTree = "<group>"; };
		7887F8BB2784DC9C00840D16 /* Persistence+SwiftUI.swift */ = {isa = PBXFileReference; lastKnownFileType = sourcecode.swift; path = "Persistence+SwiftUI.swift"; sourceTree = "<group>"; };
		7887F8BE2784DCEC00840D16 /* Persistence+Preview.swift */ = {isa = PBXFileReference; lastKnownFileType = sourcecode.swift; path = "Persistence+Preview.swift"; sourceTree = "<group>"; };
		7887F8C42784EF1100840D16 /* ContentViewModel.swift */ = {isa = PBXFileReference; lastKnownFileType = sourcecode.swift; path = ContentViewModel.swift; sourceTree = "<group>"; };
		7887F8CA2784F67D00840D16 /* DateFormatter+Extension.swift */ = {isa = PBXFileReference; lastKnownFileType = sourcecode.swift; path = "DateFormatter+Extension.swift"; sourceTree = "<group>"; };
		7887F8CD278501CD00840D16 /* DetailView.swift */ = {isa = PBXFileReference; lastKnownFileType = sourcecode.swift; path = DetailView.swift; sourceTree = "<group>"; };
		7887F8D0278503F600840D16 /* ContentCell.swift */ = {isa = PBXFileReference; lastKnownFileType = sourcecode.swift; path = ContentCell.swift; sourceTree = "<group>"; };
		7887F8D327850F2700840D16 /* DeleteItemButton.swift */ = {isa = PBXFileReference; lastKnownFileType = sourcecode.swift; path = DeleteItemButton.swift; sourceTree = "<group>"; };
		7887F8D6278510C900840D16 /* AddItemButton.swift */ = {isa = PBXFileReference; lastKnownFileType = sourcecode.swift; path = AddItemButton.swift; sourceTree = "<group>"; };
		7887F8D9278514E200840D16 /* FavouriteButton.swift */ = {isa = PBXFileReference; lastKnownFileType = sourcecode.swift; path = FavouriteButton.swift; sourceTree = "<group>"; };
/* End PBXFileReference section */

/* Begin PBXFrameworksBuildPhase section */
		7887F87F2784D7A700840D16 /* Frameworks */ = {
			isa = PBXFrameworksBuildPhase;
			buildActionMask = 2147483647;
			files = (
			);
			runOnlyForDeploymentPostprocessing = 0;
		};
		7887F8852784D7A700840D16 /* Frameworks */ = {
			isa = PBXFrameworksBuildPhase;
			buildActionMask = 2147483647;
			files = (
			);
			runOnlyForDeploymentPostprocessing = 0;
		};
		7887F88C2784D7A700840D16 /* Frameworks */ = {
			isa = PBXFrameworksBuildPhase;
			buildActionMask = 2147483647;
			files = (
			);
			runOnlyForDeploymentPostprocessing = 0;
		};
		7887F8982784D7A700840D16 /* Frameworks */ = {
			isa = PBXFrameworksBuildPhase;
			buildActionMask = 2147483647;
			files = (
			);
			runOnlyForDeploymentPostprocessing = 0;
		};
/* End PBXFrameworksBuildPhase section */

/* Begin PBXGroup section */
		7887F8722784D7A600840D16 = {
			isa = PBXGroup;
			children = (
				7887F8772784D7A600840D16 /* Shared */,
				7887F8892784D7A700840D16 /* macOS */,
				7887F8922784D7A700840D16 /* Tests iOS */,
				7887F89E2784D7A700840D16 /* Tests macOS */,
				7887F8832784D7A700840D16 /* Products */,
			);
			sourceTree = "<group>";
		};
		7887F8772784D7A600840D16 /* Shared */ = {
			isa = PBXGroup;
			children = (
				7887F87A2784D7A600840D16 /* CoreDataWithCloudKitApp.swift */,
				7887F87B2784D7A600840D16 /* ContentView.swift */,
				7887F87C2784D7A600840D16 /* Persistence.swift */,
				7887F87D2784D7A700840D16 /* Assets.xcassets */,
				7887F8782784D7A600840D16 /* CoreDataWithCloudKit.xcdatamodeld */,
				7887F8BB2784DC9C00840D16 /* Persistence+SwiftUI.swift */,
				7887F8BE2784DCEC00840D16 /* Persistence+Preview.swift */,
				7887F8C42784EF1100840D16 /* ContentViewModel.swift */,
				7887F8CA2784F67D00840D16 /* DateFormatter+Extension.swift */,
				7887F8CD278501CD00840D16 /* DetailView.swift */,
				7887F8D0278503F600840D16 /* ContentCell.swift */,
				7887F8D327850F2700840D16 /* DeleteItemButton.swift */,
				7887F8D6278510C900840D16 /* AddItemButton.swift */,
				7887F8D9278514E200840D16 /* FavouriteButton.swift */,
			);
			path = Shared;
			sourceTree = "<group>";
		};
		7887F8832784D7A700840D16 /* Products */ = {
			isa = PBXGroup;
			children = (
				7887F8822784D7A700840D16 /* CoreDataWithCloudKit.app */,
				7887F8882784D7A700840D16 /* CoreDataWithCloudKit.app */,
				7887F88F2784D7A700840D16 /* Tests iOS.xctest */,
				7887F89B2784D7A700840D16 /* Tests macOS.xctest */,
			);
			name = Products;
			sourceTree = "<group>";
		};
		7887F8892784D7A700840D16 /* macOS */ = {
			isa = PBXGroup;
			children = (
				7887F88A2784D7A700840D16 /* macOS.entitlements */,
			);
			path = macOS;
			sourceTree = "<group>";
		};
		7887F8922784D7A700840D16 /* Tests iOS */ = {
			isa = PBXGroup;
			children = (
				7887F8932784D7A700840D16 /* Tests_iOS.swift */,
				7887F8952784D7A700840D16 /* Tests_iOSLaunchTests.swift */,
			);
			path = "Tests iOS";
			sourceTree = "<group>";
		};
		7887F89E2784D7A700840D16 /* Tests macOS */ = {
			isa = PBXGroup;
			children = (
				7887F89F2784D7A700840D16 /* Tests_macOS.swift */,
				7887F8A12784D7A700840D16 /* Tests_macOSLaunchTests.swift */,
			);
			path = "Tests macOS";
			sourceTree = "<group>";
		};
/* End PBXGroup section */

/* Begin PBXNativeTarget section */
		7887F8812784D7A700840D16 /* CoreDataWithCloudKit (iOS) */ = {
			isa = PBXNativeTarget;
			buildConfigurationList = 7887F8AF2784D7A700840D16 /* Build configuration list for PBXNativeTarget "CoreDataWithCloudKit (iOS)" */;
			buildPhases = (
				7887F87E2784D7A700840D16 /* Sources */,
				7887F87F2784D7A700840D16 /* Frameworks */,
				7887F8802784D7A700840D16 /* Resources */,
			);
			buildRules = (
			);
			dependencies = (
			);
			name = "CoreDataWithCloudKit (iOS)";
			productName = "CoreDataWithCloudKit (iOS)";
			productReference = 7887F8822784D7A700840D16 /* CoreDataWithCloudKit.app */;
			productType = "com.apple.product-type.application";
		};
		7887F8872784D7A700840D16 /* CoreDataWithCloudKit (macOS) */ = {
			isa = PBXNativeTarget;
			buildConfigurationList = 7887F8B22784D7A700840D16 /* Build configuration list for PBXNativeTarget "CoreDataWithCloudKit (macOS)" */;
			buildPhases = (
				7887F8842784D7A700840D16 /* Sources */,
				7887F8852784D7A700840D16 /* Frameworks */,
				7887F8862784D7A700840D16 /* Resources */,
			);
			buildRules = (
			);
			dependencies = (
			);
			name = "CoreDataWithCloudKit (macOS)";
			productName = "CoreDataWithCloudKit (macOS)";
			productReference = 7887F8882784D7A700840D16 /* CoreDataWithCloudKit.app */;
			productType = "com.apple.product-type.application";
		};
		7887F88E2784D7A700840D16 /* Tests iOS */ = {
			isa = PBXNativeTarget;
			buildConfigurationList = 7887F8B52784D7A700840D16 /* Build configuration list for PBXNativeTarget "Tests iOS" */;
			buildPhases = (
				7887F88B2784D7A700840D16 /* Sources */,
				7887F88C2784D7A700840D16 /* Frameworks */,
				7887F88D2784D7A700840D16 /* Resources */,
			);
			buildRules = (
			);
			dependencies = (
				7887F8912784D7A700840D16 /* PBXTargetDependency */,
			);
			name = "Tests iOS";
			productName = "Tests iOS";
			productReference = 7887F88F2784D7A700840D16 /* Tests iOS.xctest */;
			productType = "com.apple.product-type.bundle.ui-testing";
		};
		7887F89A2784D7A700840D16 /* Tests macOS */ = {
			isa = PBXNativeTarget;
			buildConfigurationList = 7887F8B82784D7A700840D16 /* Build configuration list for PBXNativeTarget "Tests macOS" */;
			buildPhases = (
				7887F8972784D7A700840D16 /* Sources */,
				7887F8982784D7A700840D16 /* Frameworks */,
				7887F8992784D7A700840D16 /* Resources */,
			);
			buildRules = (
			);
			dependencies = (
				7887F89D2784D7A700840D16 /* PBXTargetDependency */,
			);
			name = "Tests macOS";
			productName = "Tests macOS";
			productReference = 7887F89B2784D7A700840D16 /* Tests macOS.xctest */;
			productType = "com.apple.product-type.bundle.ui-testing";
		};
/* End PBXNativeTarget section */

/* Begin PBXProject section */
		7887F8732784D7A600840D16 /* Project object */ = {
			isa = PBXProject;
			attributes = {
				BuildIndependentTargetsInParallel = 1;
				LastSwiftUpdateCheck = 1320;
				LastUpgradeCheck = 1320;
				TargetAttributes = {
					7887F8812784D7A700840D16 = {
						CreatedOnToolsVersion = 13.2.1;
					};
					7887F8872784D7A700840D16 = {
						CreatedOnToolsVersion = 13.2.1;
					};
					7887F88E2784D7A700840D16 = {
						CreatedOnToolsVersion = 13.2.1;
						TestTargetID = 7887F8812784D7A700840D16;
					};
					7887F89A2784D7A700840D16 = {
						CreatedOnToolsVersion = 13.2.1;
						TestTargetID = 7887F8872784D7A700840D16;
					};
				};
			};
			buildConfigurationList = 7887F8762784D7A600840D16 /* Build configuration list for PBXProject "CoreDataWithCloudKit" */;
			compatibilityVersion = "Xcode 13.0";
			developmentRegion = en;
			hasScannedForEncodings = 0;
			knownRegions = (
				en,
				Base,
			);
			mainGroup = 7887F8722784D7A600840D16;
			productRefGroup = 7887F8832784D7A700840D16 /* Products */;
			projectDirPath = "";
			projectRoot = "";
			targets = (
				7887F8812784D7A700840D16 /* CoreDataWithCloudKit (iOS) */,
				7887F8872784D7A700840D16 /* CoreDataWithCloudKit (macOS) */,
				7887F88E2784D7A700840D16 /* Tests iOS */,
				7887F89A2784D7A700840D16 /* Tests macOS */,
			);
		};
/* End PBXProject section */

/* Begin PBXResourcesBuildPhase section */
		7887F8802784D7A700840D16 /* Resources */ = {
			isa = PBXResourcesBuildPhase;
			buildActionMask = 2147483647;
			files = (
				7887F8AB2784D7A700840D16 /* Assets.xcassets in Resources */,
			);
			runOnlyForDeploymentPostprocessing = 0;
		};
		7887F8862784D7A700840D16 /* Resources */ = {
			isa = PBXResourcesBuildPhase;
			buildActionMask = 2147483647;
			files = (
				7887F8AC2784D7A700840D16 /* Assets.xcassets in Resources */,
			);
			runOnlyForDeploymentPostprocessing = 0;
		};
		7887F88D2784D7A700840D16 /* Resources */ = {
			isa = PBXResourcesBuildPhase;
			buildActionMask = 2147483647;
			files = (
			);
			runOnlyForDeploymentPostprocessing = 0;
		};
		7887F8992784D7A700840D16 /* Resources */ = {
			isa = PBXResourcesBuildPhase;
			buildActionMask = 2147483647;
			files = (
			);
			runOnlyForDeploymentPostprocessing = 0;
		};
/* End PBXResourcesBuildPhase section */

/* Begin PBXSourcesBuildPhase section */
		7887F87E2784D7A700840D16 /* Sources */ = {
			isa = PBXSourcesBuildPhase;
			buildActionMask = 2147483647;
			files = (
				7887F8A32784D7A700840D16 /* CoreDataWithCloudKit.xcdatamodeld in Sources */,
				7887F8CE278501CD00840D16 /* DetailView.swift in Sources */,
				7887F8D7278510C900840D16 /* AddItemButton.swift in Sources */,
				7887F8A92784D7A700840D16 /* Persistence.swift in Sources */,
				7887F8D427850F2700840D16 /* DeleteItemButton.swift in Sources */,
				7887F8CB2784F67D00840D16 /* DateFormatter+Extension.swift in Sources */,
				7887F8A52784D7A700840D16 /* CoreDataWithCloudKitApp.swift in Sources */,
				7887F8C52784EF1100840D16 /* ContentViewModel.swift in Sources */,
				7887F8A72784D7A700840D16 /* ContentView.swift in Sources */,
				7887F8DA278514E200840D16 /* FavouriteButton.swift in Sources */,
				7887F8D1278503F600840D16 /* ContentCell.swift in Sources */,
				7887F8BF2784DCEC00840D16 /* Persistence+Preview.swift in Sources */,
				7887F8BC2784DC9C00840D16 /* Persistence+SwiftUI.swift in Sources */,
			);
			runOnlyForDeploymentPostprocessing = 0;
		};
		7887F8842784D7A700840D16 /* Sources */ = {
			isa = PBXSourcesBuildPhase;
			buildActionMask = 2147483647;
			files = (
				7887F8A42784D7A700840D16 /* CoreDataWithCloudKit.xcdatamodeld in Sources */,
				7887F8CF278501CD00840D16 /* DetailView.swift in Sources */,
				7887F8D8278510C900840D16 /* AddItemButton.swift in Sources */,
				7887F8AA2784D7A700840D16 /* Persistence.swift in Sources */,
				7887F8D527850F2700840D16 /* DeleteItemButton.swift in Sources */,
				7887F8CC2784F67D00840D16 /* DateFormatter+Extension.swift in Sources */,
				7887F8A62784D7A700840D16 /* CoreDataWithCloudKitApp.swift in Sources */,
				7887F8C62784EF1100840D16 /* ContentViewModel.swift in Sources */,
				7887F8A82784D7A700840D16 /* ContentView.swift in Sources */,
				7887F8DB278514E200840D16 /* FavouriteButton.swift in Sources */,
				7887F8D2278503F600840D16 /* ContentCell.swift in Sources */,
				7887F8C02784DCEC00840D16 /* Persistence+Preview.swift in Sources */,
				7887F8BD2784DC9C00840D16 /* Persistence+SwiftUI.swift in Sources */,
			);
			runOnlyForDeploymentPostprocessing = 0;
		};
		7887F88B2784D7A700840D16 /* Sources */ = {
			isa = PBXSourcesBuildPhase;
			buildActionMask = 2147483647;
			files = (
				7887F8962784D7A700840D16 /* Tests_iOSLaunchTests.swift in Sources */,
				7887F8942784D7A700840D16 /* Tests_iOS.swift in Sources */,
			);
			runOnlyForDeploymentPostprocessing = 0;
		};
		7887F8972784D7A700840D16 /* Sources */ = {
			isa = PBXSourcesBuildPhase;
			buildActionMask = 2147483647;
			files = (
				7887F8A22784D7A700840D16 /* Tests_macOSLaunchTests.swift in Sources */,
				7887F8A02784D7A700840D16 /* Tests_macOS.swift in Sources */,
			);
			runOnlyForDeploymentPostprocessing = 0;
		};
/* End PBXSourcesBuildPhase section */

/* Begin PBXTargetDependency section */
		7887F8912784D7A700840D16 /* PBXTargetDependency */ = {
			isa = PBXTargetDependency;
			target = 7887F8812784D7A700840D16 /* CoreDataWithCloudKit (iOS) */;
			targetProxy = 7887F8902784D7A700840D16 /* PBXContainerItemProxy */;
		};
		7887F89D2784D7A700840D16 /* PBXTargetDependency */ = {
			isa = PBXTargetDependency;
			target = 7887F8872784D7A700840D16 /* CoreDataWithCloudKit (macOS) */;
			targetProxy = 7887F89C2784D7A700840D16 /* PBXContainerItemProxy */;
		};
/* End PBXTargetDependency section */

/* Begin XCBuildConfiguration section */
		7887F8AD2784D7A700840D16 /* Debug */ = {
			isa = XCBuildConfiguration;
			buildSettings = {
				ALWAYS_SEARCH_USER_PATHS = NO;
				CLANG_ANALYZER_NONNULL = YES;
				CLANG_ANALYZER_NUMBER_OBJECT_CONVERSION = YES_AGGRESSIVE;
				CLANG_CXX_LANGUAGE_STANDARD = "gnu++17";
				CLANG_CXX_LIBRARY = "libc++";
				CLANG_ENABLE_MODULES = YES;
				CLANG_ENABLE_OBJC_ARC = YES;
				CLANG_ENABLE_OBJC_WEAK = YES;
				CLANG_WARN_BLOCK_CAPTURE_AUTORELEASING = YES;
				CLANG_WARN_BOOL_CONVERSION = YES;
				CLANG_WARN_COMMA = YES;
				CLANG_WARN_CONSTANT_CONVERSION = YES;
				CLANG_WARN_DEPRECATED_OBJC_IMPLEMENTATIONS = YES;
				CLANG_WARN_DIRECT_OBJC_ISA_USAGE = YES_ERROR;
				CLANG_WARN_DOCUMENTATION_COMMENTS = YES;
				CLANG_WARN_EMPTY_BODY = YES;
				CLANG_WARN_ENUM_CONVERSION = YES;
				CLANG_WARN_INFINITE_RECURSION = YES;
				CLANG_WARN_INT_CONVERSION = YES;
				CLANG_WARN_NON_LITERAL_NULL_CONVERSION = YES;
				CLANG_WARN_OBJC_IMPLICIT_RETAIN_SELF = YES;
				CLANG_WARN_OBJC_LITERAL_CONVERSION = YES;
				CLANG_WARN_OBJC_ROOT_CLASS = YES_ERROR;
				CLANG_WARN_QUOTED_INCLUDE_IN_FRAMEWORK_HEADER = YES;
				CLANG_WARN_RANGE_LOOP_ANALYSIS = YES;
				CLANG_WARN_STRICT_PROTOTYPES = YES;
				CLANG_WARN_SUSPICIOUS_MOVE = YES;
				CLANG_WARN_UNGUARDED_AVAILABILITY = YES_AGGRESSIVE;
				CLANG_WARN_UNREACHABLE_CODE = YES;
				CLANG_WARN__DUPLICATE_METHOD_MATCH = YES;
				COPY_PHASE_STRIP = NO;
				DEBUG_INFORMATION_FORMAT = dwarf;
				ENABLE_STRICT_OBJC_MSGSEND = YES;
				ENABLE_TESTABILITY = YES;
				GCC_C_LANGUAGE_STANDARD = gnu11;
				GCC_DYNAMIC_NO_PIC = NO;
				GCC_NO_COMMON_BLOCKS = YES;
				GCC_OPTIMIZATION_LEVEL = 0;
				GCC_PREPROCESSOR_DEFINITIONS = (
					"DEBUG=1",
					"$(inherited)",
				);
				GCC_WARN_64_TO_32_BIT_CONVERSION = YES;
				GCC_WARN_ABOUT_RETURN_TYPE = YES_ERROR;
				GCC_WARN_UNDECLARED_SELECTOR = YES;
				GCC_WARN_UNINITIALIZED_AUTOS = YES_AGGRESSIVE;
				GCC_WARN_UNUSED_FUNCTION = YES;
				GCC_WARN_UNUSED_VARIABLE = YES;
				MTL_ENABLE_DEBUG_INFO = INCLUDE_SOURCE;
				MTL_FAST_MATH = YES;
				ONLY_ACTIVE_ARCH = YES;
				SWIFT_ACTIVE_COMPILATION_CONDITIONS = DEBUG;
				SWIFT_OPTIMIZATION_LEVEL = "-Onone";
			};
			name = Debug;
		};
		7887F8AE2784D7A700840D16 /* Release */ = {
			isa = XCBuildConfiguration;
			buildSettings = {
				ALWAYS_SEARCH_USER_PATHS = NO;
				CLANG_ANALYZER_NONNULL = YES;
				CLANG_ANALYZER_NUMBER_OBJECT_CONVERSION = YES_AGGRESSIVE;
				CLANG_CXX_LANGUAGE_STANDARD = "gnu++17";
				CLANG_CXX_LIBRARY = "libc++";
				CLANG_ENABLE_MODULES = YES;
				CLANG_ENABLE_OBJC_ARC = YES;
				CLANG_ENABLE_OBJC_WEAK = YES;
				CLANG_WARN_BLOCK_CAPTURE_AUTORELEASING = YES;
				CLANG_WARN_BOOL_CONVERSION = YES;
				CLANG_WARN_COMMA = YES;
				CLANG_WARN_CONSTANT_CONVERSION = YES;
				CLANG_WARN_DEPRECATED_OBJC_IMPLEMENTATIONS = YES;
				CLANG_WARN_DIRECT_OBJC_ISA_USAGE = YES_ERROR;
				CLANG_WARN_DOCUMENTATION_COMMENTS = YES;
				CLANG_WARN_EMPTY_BODY = YES;
				CLANG_WARN_ENUM_CONVERSION = YES;
				CLANG_WARN_INFINITE_RECURSION = YES;
				CLANG_WARN_INT_CONVERSION = YES;
				CLANG_WARN_NON_LITERAL_NULL_CONVERSION = YES;
				CLANG_WARN_OBJC_IMPLICIT_RETAIN_SELF = YES;
				CLANG_WARN_OBJC_LITERAL_CONVERSION = YES;
				CLANG_WARN_OBJC_ROOT_CLASS = YES_ERROR;
				CLANG_WARN_QUOTED_INCLUDE_IN_FRAMEWORK_HEADER = YES;
				CLANG_WARN_RANGE_LOOP_ANALYSIS = YES;
				CLANG_WARN_STRICT_PROTOTYPES = YES;
				CLANG_WARN_SUSPICIOUS_MOVE = YES;
				CLANG_WARN_UNGUARDED_AVAILABILITY = YES_AGGRESSIVE;
				CLANG_WARN_UNREACHABLE_CODE = YES;
				CLANG_WARN__DUPLICATE_METHOD_MATCH = YES;
				COPY_PHASE_STRIP = NO;
				DEBUG_INFORMATION_FORMAT = "dwarf-with-dsym";
				ENABLE_NS_ASSERTIONS = NO;
				ENABLE_STRICT_OBJC_MSGSEND = YES;
				GCC_C_LANGUAGE_STANDARD = gnu11;
				GCC_NO_COMMON_BLOCKS = YES;
				GCC_WARN_64_TO_32_BIT_CONVERSION = YES;
				GCC_WARN_ABOUT_RETURN_TYPE = YES_ERROR;
				GCC_WARN_UNDECLARED_SELECTOR = YES;
				GCC_WARN_UNINITIALIZED_AUTOS = YES_AGGRESSIVE;
				GCC_WARN_UNUSED_FUNCTION = YES;
				GCC_WARN_UNUSED_VARIABLE = YES;
				MTL_ENABLE_DEBUG_INFO = NO;
				MTL_FAST_MATH = YES;
				SWIFT_COMPILATION_MODE = wholemodule;
				SWIFT_OPTIMIZATION_LEVEL = "-O";
			};
			name = Release;
		};
		7887F8B02784D7A700840D16 /* Debug */ = {
			isa = XCBuildConfiguration;
			buildSettings = {
				ASSETCATALOG_COMPILER_APPICON_NAME = AppIcon;
				ASSETCATALOG_COMPILER_GLOBAL_ACCENT_COLOR_NAME = AccentColor;
				CODE_SIGN_STYLE = Automatic;
				CURRENT_PROJECT_VERSION = 1;
				DEVELOPMENT_TEAM = V5F865B4U5;
				ENABLE_PREVIEWS = YES;
				GENERATE_INFOPLIST_FILE = YES;
				INFOPLIST_KEY_UIApplicationSceneManifest_Generation = YES;
				INFOPLIST_KEY_UIApplicationSupportsIndirectInputEvents = YES;
				INFOPLIST_KEY_UILaunchScreen_Generation = YES;
				INFOPLIST_KEY_UISupportedInterfaceOrientations_iPad = "UIInterfaceOrientationPortrait UIInterfaceOrientationPortraitUpsideDown UIInterfaceOrientationLandscapeLeft UIInterfaceOrientationLandscapeRight";
				INFOPLIST_KEY_UISupportedInterfaceOrientations_iPhone = "UIInterfaceOrientationPortrait UIInterfaceOrientationLandscapeLeft UIInterfaceOrientationLandscapeRight";
				IPHONEOS_DEPLOYMENT_TARGET = 15.2;
				LD_RUNPATH_SEARCH_PATHS = (
					"$(inherited)",
					"@executable_path/Frameworks",
				);
				MARKETING_VERSION = 1.0;
				PRODUCT_BUNDLE_IDENTIFIER = com.igorcferreira.study.CoreDataWithCloudKit;
				PRODUCT_NAME = CoreDataWithCloudKit;
				SDKROOT = iphoneos;
				SWIFT_EMIT_LOC_STRINGS = YES;
				SWIFT_VERSION = 5.0;
				TARGETED_DEVICE_FAMILY = "1,2";
			};
			name = Debug;
		};
		7887F8B12784D7A700840D16 /* Release */ = {
			isa = XCBuildConfiguration;
			buildSettings = {
				ASSETCATALOG_COMPILER_APPICON_NAME = AppIcon;
				ASSETCATALOG_COMPILER_GLOBAL_ACCENT_COLOR_NAME = AccentColor;
				CODE_SIGN_STYLE = Automatic;
				CURRENT_PROJECT_VERSION = 1;
				DEVELOPMENT_TEAM = V5F865B4U5;
				ENABLE_PREVIEWS = YES;
				GENERATE_INFOPLIST_FILE = YES;
				INFOPLIST_KEY_UIApplicationSceneManifest_Generation = YES;
				INFOPLIST_KEY_UIApplicationSupportsIndirectInputEvents = YES;
				INFOPLIST_KEY_UILaunchScreen_Generation = YES;
				INFOPLIST_KEY_UISupportedInterfaceOrientations_iPad = "UIInterfaceOrientationPortrait UIInterfaceOrientationPortraitUpsideDown UIInterfaceOrientationLandscapeLeft UIInterfaceOrientationLandscapeRight";
				INFOPLIST_KEY_UISupportedInterfaceOrientations_iPhone = "UIInterfaceOrientationPortrait UIInterfaceOrientationLandscapeLeft UIInterfaceOrientationLandscapeRight";
				IPHONEOS_DEPLOYMENT_TARGET = 15.2;
				LD_RUNPATH_SEARCH_PATHS = (
					"$(inherited)",
					"@executable_path/Frameworks",
				);
				MARKETING_VERSION = 1.0;
				PRODUCT_BUNDLE_IDENTIFIER = com.igorcferreira.study.CoreDataWithCloudKit;
				PRODUCT_NAME = CoreDataWithCloudKit;
				SDKROOT = iphoneos;
				SWIFT_EMIT_LOC_STRINGS = YES;
				SWIFT_VERSION = 5.0;
				TARGETED_DEVICE_FAMILY = "1,2";
				VALIDATE_PRODUCT = YES;
			};
			name = Release;
		};
		7887F8B32784D7A700840D16 /* Debug */ = {
			isa = XCBuildConfiguration;
			buildSettings = {
				ASSETCATALOG_COMPILER_APPICON_NAME = AppIcon;
				ASSETCATALOG_COMPILER_GLOBAL_ACCENT_COLOR_NAME = AccentColor;
				CODE_SIGN_ENTITLEMENTS = macOS/macOS.entitlements;
				CODE_SIGN_STYLE = Automatic;
				COMBINE_HIDPI_IMAGES = YES;
				CURRENT_PROJECT_VERSION = 1;
				DEVELOPMENT_TEAM = V5F865B4U5;
				ENABLE_HARDENED_RUNTIME = YES;
				ENABLE_PREVIEWS = YES;
				GENERATE_INFOPLIST_FILE = YES;
				INFOPLIST_KEY_NSHumanReadableCopyright = "";
				LD_RUNPATH_SEARCH_PATHS = (
					"$(inherited)",
					"@executable_path/../Frameworks",
				);
				MACOSX_DEPLOYMENT_TARGET = 12.1;
				MARKETING_VERSION = 1.0;
				PRODUCT_BUNDLE_IDENTIFIER = com.igorcferreira.study.CoreDataWithCloudKit;
				PRODUCT_NAME = CoreDataWithCloudKit;
				SDKROOT = macosx;
				SWIFT_EMIT_LOC_STRINGS = YES;
				SWIFT_VERSION = 5.0;
			};
			name = Debug;
		};
		7887F8B42784D7A700840D16 /* Release */ = {
			isa = XCBuildConfiguration;
			buildSettings = {
				ASSETCATALOG_COMPILER_APPICON_NAME = AppIcon;
				ASSETCATALOG_COMPILER_GLOBAL_ACCENT_COLOR_NAME = AccentColor;
				CODE_SIGN_ENTITLEMENTS = macOS/macOS.entitlements;
				CODE_SIGN_STYLE = Automatic;
				COMBINE_HIDPI_IMAGES = YES;
				CURRENT_PROJECT_VERSION = 1;
				DEVELOPMENT_TEAM = V5F865B4U5;
				ENABLE_HARDENED_RUNTIME = YES;
				ENABLE_PREVIEWS = YES;
				GENERATE_INFOPLIST_FILE = YES;
				INFOPLIST_KEY_NSHumanReadableCopyright = "";
				LD_RUNPATH_SEARCH_PATHS = (
					"$(inherited)",
					"@executable_path/../Frameworks",
				);
				MACOSX_DEPLOYMENT_TARGET = 12.1;
				MARKETING_VERSION = 1.0;
				PRODUCT_BUNDLE_IDENTIFIER = com.igorcferreira.study.CoreDataWithCloudKit;
				PRODUCT_NAME = CoreDataWithCloudKit;
				SDKROOT = macosx;
				SWIFT_EMIT_LOC_STRINGS = YES;
				SWIFT_VERSION = 5.0;
			};
			name = Release;
		};
		7887F8B62784D7A700840D16 /* Debug */ = {
			isa = XCBuildConfiguration;
			buildSettings = {
				ALWAYS_EMBED_SWIFT_STANDARD_LIBRARIES = YES;
				CODE_SIGN_STYLE = Automatic;
				CURRENT_PROJECT_VERSION = 1;
				DEVELOPMENT_TEAM = V5F865B4U5;
				GENERATE_INFOPLIST_FILE = YES;
				IPHONEOS_DEPLOYMENT_TARGET = 15.2;
				MARKETING_VERSION = 1.0;
				PRODUCT_BUNDLE_IDENTIFIER = "com.igorcferreira.study.Tests-iOS";
				PRODUCT_NAME = "$(TARGET_NAME)";
				SDKROOT = iphoneos;
				SWIFT_EMIT_LOC_STRINGS = NO;
				SWIFT_VERSION = 5.0;
				TARGETED_DEVICE_FAMILY = "1,2";
				TEST_TARGET_NAME = "CoreDataWithCloudKit (iOS)";
			};
			name = Debug;
		};
		7887F8B72784D7A700840D16 /* Release */ = {
			isa = XCBuildConfiguration;
			buildSettings = {
				ALWAYS_EMBED_SWIFT_STANDARD_LIBRARIES = YES;
				CODE_SIGN_STYLE = Automatic;
				CURRENT_PROJECT_VERSION = 1;
				DEVELOPMENT_TEAM = V5F865B4U5;
				GENERATE_INFOPLIST_FILE = YES;
				IPHONEOS_DEPLOYMENT_TARGET = 15.2;
				MARKETING_VERSION = 1.0;
				PRODUCT_BUNDLE_IDENTIFIER = "com.igorcferreira.study.Tests-iOS";
				PRODUCT_NAME = "$(TARGET_NAME)";
				SDKROOT = iphoneos;
				SWIFT_EMIT_LOC_STRINGS = NO;
				SWIFT_VERSION = 5.0;
				TARGETED_DEVICE_FAMILY = "1,2";
				TEST_TARGET_NAME = "CoreDataWithCloudKit (iOS)";
				VALIDATE_PRODUCT = YES;
			};
			name = Release;
		};
		7887F8B92784D7A700840D16 /* Debug */ = {
			isa = XCBuildConfiguration;
			buildSettings = {
				ALWAYS_EMBED_SWIFT_STANDARD_LIBRARIES = YES;
				CODE_SIGN_STYLE = Automatic;
				CURRENT_PROJECT_VERSION = 1;
				DEVELOPMENT_TEAM = V5F865B4U5;
				GENERATE_INFOPLIST_FILE = YES;
				MACOSX_DEPLOYMENT_TARGET = 12.1;
				MARKETING_VERSION = 1.0;
				PRODUCT_BUNDLE_IDENTIFIER = "com.igorcferreira.study.Tests-macOS";
				PRODUCT_NAME = "$(TARGET_NAME)";
				SDKROOT = macosx;
				SWIFT_EMIT_LOC_STRINGS = NO;
				SWIFT_VERSION = 5.0;
				TEST_TARGET_NAME = "CoreDataWithCloudKit (macOS)";
			};
			name = Debug;
		};
		7887F8BA2784D7A700840D16 /* Release */ = {
			isa = XCBuildConfiguration;
			buildSettings = {
				ALWAYS_EMBED_SWIFT_STANDARD_LIBRARIES = YES;
				CODE_SIGN_STYLE = Automatic;
				CURRENT_PROJECT_VERSION = 1;
				DEVELOPMENT_TEAM = V5F865B4U5;
				GENERATE_INFOPLIST_FILE = YES;
				MACOSX_DEPLOYMENT_TARGET = 12.1;
				MARKETING_VERSION = 1.0;
				PRODUCT_BUNDLE_IDENTIFIER = "com.igorcferreira.study.Tests-macOS";
				PRODUCT_NAME = "$(TARGET_NAME)";
				SDKROOT = macosx;
				SWIFT_EMIT_LOC_STRINGS = NO;
				SWIFT_VERSION = 5.0;
				TEST_TARGET_NAME = "CoreDataWithCloudKit (macOS)";
			};
			name = Release;
		};
/* End XCBuildConfiguration section */

/* Begin XCConfigurationList section */
		7887F8762784D7A600840D16 /* Build configuration list for PBXProject "CoreDataWithCloudKit" */ = {
			isa = XCConfigurationList;
			buildConfigurations = (
				7887F8AD2784D7A700840D16 /* Debug */,
				7887F8AE2784D7A700840D16 /* Release */,
			);
			defaultConfigurationIsVisible = 0;
			defaultConfigurationName = Release;
		};
		7887F8AF2784D7A700840D16 /* Build configuration list for PBXNativeTarget "CoreDataWithCloudKit (iOS)" */ = {
			isa = XCConfigurationList;
			buildConfigurations = (
				7887F8B02784D7A700840D16 /* Debug */,
				7887F8B12784D7A700840D16 /* Release */,
			);
			defaultConfigurationIsVisible = 0;
			defaultConfigurationName = Release;
		};
		7887F8B22784D7A700840D16 /* Build configuration list for PBXNativeTarget "CoreDataWithCloudKit (macOS)" */ = {
			isa = XCConfigurationList;
			buildConfigurations = (
				7887F8B32784D7A700840D16 /* Debug */,
				7887F8B42784D7A700840D16 /* Release */,
			);
			defaultConfigurationIsVisible = 0;
			defaultConfigurationName = Release;
		};
		7887F8B52784D7A700840D16 /* Build configuration list for PBXNativeTarget "Tests iOS" */ = {
			isa = XCConfigurationList;
			buildConfigurations = (
				7887F8B62784D7A700840D16 /* Debug */,
				7887F8B72784D7A700840D16 /* Release */,
			);
			defaultConfigurationIsVisible = 0;
			defaultConfigurationName = Release;
		};
		7887F8B82784D7A700840D16 /* Build configuration list for PBXNativeTarget "Tests macOS" */ = {
			isa = XCConfigurationList;
			buildConfigurations = (
				7887F8B92784D7A700840D16 /* Debug */,
				7887F8BA2784D7A700840D16 /* Release */,
			);
			defaultConfigurationIsVisible = 0;
			defaultConfigurationName = Release;
		};
/* End XCConfigurationList section */

/* Begin XCVersionGroup section */
		7887F8782784D7A600840D16 /* CoreDataWithCloudKit.xcdatamodeld */ = {
			isa = XCVersionGroup;
			children = (
				7887F8792784D7A600840D16 /* Shared.xcdatamodel */,
			);
			currentVersion = 7887F8792784D7A600840D16 /* Shared.xcdatamodel */;
			path = CoreDataWithCloudKit.xcdatamodeld;
			sourceTree = "<group>";
			versionGroupType = wrapper.xcdatamodel;
		};
/* End XCVersionGroup section */
	};
	rootObject = 7887F8732784D7A600840D16 /* Project object */;
}
